
Microsoft Visual Studio Solution File, Format Version 12.00
# Visual Studio Version 17
VisualStudioVersion = 17.4.33122.133
MinimumVisualStudioVersion = 10.0.40219.1
Project("{FAE04EC0-301F-11D3-BF4B-00C04F79EFBC}") = "work_01_Repositary", "work_01_Repositary\work_01_Repositary.csproj", "{A3C194A3-6D04-4268-ADA1-0039041448AC}"
EndProject
Global
	GlobalSection(SolutionConfigurationPlatforms) = preSolution
		Debug|Any CPU = Debug|Any CPU
		Release|Any CPU = Release|Any CPU
	EndGlobalSection
	GlobalSection(ProjectConfigurationPlatforms) = postSolution
		{A3C194A3-6D04-4268-ADA1-0039041448AC}.Debug|Any CPU.ActiveCfg = Debug|Any CPU
		{A3C194A3-6D04-4268-ADA1-0039041448AC}.Debug|Any CPU.Build.0 = Debug|Any CPU
		{A3C194A3-6D04-4268-ADA1-0039041448AC}.Release|Any CPU.ActiveCfg = Release|Any CPU
		{A3C194A3-6D04-4268-ADA1-0039041448AC}.Release|Any CPU.Build.0 = Release|Any CPU
	EndGlobalSection
	GlobalSection(SolutionProperties) = preSolution
		HideSolutionNode = FALSE
	EndGlobalSection
	GlobalSection(ExtensibilityGlobals) = postSolution
		SolutionGuid = {E7DBBD9B-71C2-41F6-B043-EC6B4EC5491B}
	EndGlobalSection
EndGlobal
